// !$*UTF8*$!
{
	archiveVersion = 1;
	classes = {
	};
	objectVersion = 50;
	objects = {

/* Begin PBXBuildFile section */
		A876064D2343F18000170611 /* AppDelegate.swift in Sources */ = {isa = PBXBuildFile; fileRef = A876064C2343F18000170611 /* AppDelegate.swift */; };
		A876064F2343F18000170611 /* SceneDelegate.swift in Sources */ = {isa = PBXBuildFile; fileRef = A876064E2343F18000170611 /* SceneDelegate.swift */; };
		A87606512343F18000170611 /* ViewController.swift in Sources */ = {isa = PBXBuildFile; fileRef = A87606502343F18000170611 /* ViewController.swift */; };
		A87606542343F18000170611 /* Main.storyboard in Resources */ = {isa = PBXBuildFile; fileRef = A87606522343F18000170611 /* Main.storyboard */; };
		A87606562343F18200170611 /* Assets.xcassets in Resources */ = {isa = PBXBuildFile; fileRef = A87606552343F18200170611 /* Assets.xcassets */; };
		A87606592343F18200170611 /* LaunchScreen.storyboard in Resources */ = {isa = PBXBuildFile; fileRef = A87606572343F18200170611 /* LaunchScreen.storyboard */; };
		A87606642343F18200170611 /* ColorSliderTests.swift in Sources */ = {isa = PBXBuildFile; fileRef = A87606632343F18200170611 /* ColorSliderTests.swift */; };
		A876066F2343F18200170611 /* ColorSliderUITests.swift in Sources */ = {isa = PBXBuildFile; fileRef = A876066E2343F18200170611 /* ColorSliderUITests.swift */; };
/* End PBXBuildFile section */

/* Begin PBXContainerItemProxy section */
		A87606602343F18200170611 /* PBXContainerItemProxy */ = {
			isa = PBXContainerItemProxy;
			containerPortal = A87606412343F18000170611 /* Project object */;
			proxyType = 1;
			remoteGlobalIDString = A87606482343F18000170611;
			remoteInfo = ColorSlider;
		};
		A876066B2343F18200170611 /* PBXContainerItemProxy */ = {
			isa = PBXContainerItemProxy;
			containerPortal = A87606412343F18000170611 /* Project object */;
			proxyType = 1;
			remoteGlobalIDString = A87606482343F18000170611;
			remoteInfo = ColorSlider;
		};
/* End PBXContainerItemProxy section */

/* Begin PBXFileReference section */
		A87606492343F18000170611 /* ColorSlider.app */ = {isa = PBXFileReference; explicitFileType = wrapper.application; includeInIndex = 0; path = ColorSlider.app; sourceTree = BUILT_PRODUCTS_DIR; };
		A876064C2343F18000170611 /* AppDelegate.swift */ = {isa = PBXFileReference; lastKnownFileType = sourcecode.swift; path = AppDelegate.swift; sourceTree = "<group>"; };
		A876064E2343F18000170611 /* SceneDelegate.swift */ = {isa = PBXFileReference; lastKnownFileType = sourcecode.swift; path = SceneDelegate.swift; sourceTree = "<group>"; };
		A87606502343F18000170611 /* ViewController.swift */ = {isa = PBXFileReference; lastKnownFileType = sourcecode.swift; path = ViewController.swift; sourceTree = "<group>"; };
		A87606532343F18000170611 /* Base */ = {isa = PBXFileReference; lastKnownFileType = file.storyboard; name = Base; path = Base.lproj/Main.storyboard; sourceTree = "<group>"; };
		A87606552343F18200170611 /* Assets.xcassets */ = {isa = PBXFileReference; lastKnownFileType = folder.assetcatalog; path = Assets.xcassets; sourceTree = "<group>"; };
		A87606582343F18200170611 /* Base */ = {isa = PBXFileReference; lastKnownFileType = file.storyboard; name = Base; path = Base.lproj/LaunchScreen.storyboard; sourceTree = "<group>"; };
		A876065A2343F18200170611 /* Info.plist */ = {isa = PBXFileReference; lastKnownFileType = text.plist.xml; path = Info.plist; sourceTree = "<group>"; };
		A876065F2343F18200170611 /* ColorSliderTests.xctest */ = {isa = PBXFileReference; explicitFileType = wrapper.cfbundle; includeInIndex = 0; path = ColorSliderTests.xctest; sourceTree = BUILT_PRODUCTS_DIR; };
		A87606632343F18200170611 /* ColorSliderTests.swift */ = {isa = PBXFileReference; lastKnownFileType = sourcecode.swift; path = ColorSliderTests.swift; sourceTree = "<group>"; };
		A87606652343F18200170611 /* Info.plist */ = {isa = PBXFileReference; lastKnownFileType = text.plist.xml; path = Info.plist; sourceTree = "<group>"; };
		A876066A2343F18200170611 /* ColorSliderUITests.xctest */ = {isa = PBXFileReference; explicitFileType = wrapper.cfbundle; includeInIndex = 0; path = ColorSliderUITests.xctest; sourceTree = BUILT_PRODUCTS_DIR; };
		A876066E2343F18200170611 /* ColorSliderUITests.swift */ = {isa = PBXFileReference; lastKnownFileType = sourcecode.swift; path = ColorSliderUITests.swift; sourceTree = "<group>"; };
		A87606702343F18200170611 /* Info.plist */ = {isa = PBXFileReference; lastKnownFileType = text.plist.xml; path = Info.plist; sourceTree = "<group>"; };
/* End PBXFileReference section */

/* Begin PBXFrameworksBuildPhase section */
		A87606462343F18000170611 /* Frameworks */ = {
			isa = PBXFrameworksBuildPhase;
			buildActionMask = 2147483647;
			files = (
			);
			runOnlyForDeploymentPostprocessing = 0;
		};
		A876065C2343F18200170611 /* Frameworks */ = {
			isa = PBXFrameworksBuildPhase;
			buildActionMask = 2147483647;
			files = (
			);
			runOnlyForDeploymentPostprocessing = 0;
		};
		A87606672343F18200170611 /* Frameworks */ = {
			isa = PBXFrameworksBuildPhase;
			buildActionMask = 2147483647;
			files = (
			);
			runOnlyForDeploymentPostprocessing = 0;
		};
/* End PBXFrameworksBuildPhase section */

/* Begin PBXGroup section */
		A87606402343F18000170611 = {
			isa = PBXGroup;
			children = (
				A876064B2343F18000170611 /* ColorSlider */,
				A87606622343F18200170611 /* ColorSliderTests */,
				A876066D2343F18200170611 /* ColorSliderUITests */,
				A876064A2343F18000170611 /* Products */,
			);
			sourceTree = "<group>";
		};
		A876064A2343F18000170611 /* Products */ = {
			isa = PBXGroup;
			children = (
				A87606492343F18000170611 /* ColorSlider.app */,
				A876065F2343F18200170611 /* ColorSliderTests.xctest */,
				A876066A2343F18200170611 /* ColorSliderUITests.xctest */,
			);
			name = Products;
			sourceTree = "<group>";
		};
		A876064B2343F18000170611 /* ColorSlider */ = {
			isa = PBXGroup;
			children = (
				A876064C2343F18000170611 /* AppDelegate.swift */,
				A876064E2343F18000170611 /* SceneDelegate.swift */,
				A87606502343F18000170611 /* ViewController.swift */,
				A87606522343F18000170611 /* Main.storyboard */,
				A87606552343F18200170611 /* Assets.xcassets */,
				A87606572343F18200170611 /* LaunchScreen.storyboard */,
				A876065A2343F18200170611 /* Info.plist */,
			);
			path = ColorSlider;
			sourceTree = "<group>";
		};
		A87606622343F18200170611 /* ColorSliderTests */ = {
			isa = PBXGroup;
			children = (
				A87606632343F18200170611 /* ColorSliderTests.swift */,
				A87606652343F18200170611 /* Info.plist */,
			);
			path = ColorSliderTests;
			sourceTree = "<group>";
		};
		A876066D2343F18200170611 /* ColorSliderUITests */ = {
			isa = PBXGroup;
			children = (
				A876066E2343F18200170611 /* ColorSliderUITests.swift */,
				A87606702343F18200170611 /* Info.plist */,
			);
			path = ColorSliderUITests;
			sourceTree = "<group>";
		};
/* End PBXGroup section */

/* Begin PBXNativeTarget section */
		A87606482343F18000170611 /* ColorSlider */ = {
			isa = PBXNativeTarget;
			buildConfigurationList = A87606732343F18200170611 /* Build configuration list for PBXNativeTarget "ColorSlider" */;
			buildPhases = (
				A87606452343F18000170611 /* Sources */,
				A87606462343F18000170611 /* Frameworks */,
				A87606472343F18000170611 /* Resources */,
			);
			buildRules = (
			);
			dependencies = (
			);
			name = ColorSlider;
			productName = ColorSlider;
			productReference = A87606492343F18000170611 /* ColorSlider.app */;
			productType = "com.apple.product-type.application";
		};
		A876065E2343F18200170611 /* ColorSliderTests */ = {
			isa = PBXNativeTarget;
			buildConfigurationList = A87606762343F18200170611 /* Build configuration list for PBXNativeTarget "ColorSliderTests" */;
			buildPhases = (
				A876065B2343F18200170611 /* Sources */,
				A876065C2343F18200170611 /* Frameworks */,
				A876065D2343F18200170611 /* Resources */,
			);
			buildRules = (
			);
			dependencies = (
				A87606612343F18200170611 /* PBXTargetDependency */,
			);
			name = ColorSliderTests;
			productName = ColorSliderTests;
			productReference = A876065F2343F18200170611 /* ColorSliderTests.xctest */;
			productType = "com.apple.product-type.bundle.unit-test";
		};
		A87606692343F18200170611 /* ColorSliderUITests */ = {
			isa = PBXNativeTarget;
			buildConfigurationList = A87606792343F18200170611 /* Build configuration list for PBXNativeTarget "ColorSliderUITests" */;
			buildPhases = (
				A87606662343F18200170611 /* Sources */,
				A87606672343F18200170611 /* Frameworks */,
				A87606682343F18200170611 /* Resources */,
			);
			buildRules = (
			);
			dependencies = (
				A876066C2343F18200170611 /* PBXTargetDependency */,
			);
			name = ColorSliderUITests;
			productName = ColorSliderUITests;
			productReference = A876066A2343F18200170611 /* ColorSliderUITests.xctest */;
			productType = "com.apple.product-type.bundle.ui-testing";
		};
/* End PBXNativeTarget section */

/* Begin PBXProject section */
		A87606412343F18000170611 /* Project object */ = {
			isa = PBXProject;
			attributes = {
				LastSwiftUpdateCheck = 1100;
				LastUpgradeCheck = 1100;
				ORGANIZATIONNAME = udacity;
				TargetAttributes = {
					A87606482343F18000170611 = {
						CreatedOnToolsVersion = 11.0;
					};
					A876065E2343F18200170611 = {
						CreatedOnToolsVersion = 11.0;
						TestTargetID = A87606482343F18000170611;
					};
					A87606692343F18200170611 = {
						CreatedOnToolsVersion = 11.0;
						TestTargetID = A87606482343F18000170611;
					};
				};
			};
			buildConfigurationList = A87606442343F18000170611 /* Build configuration list for PBXProject "ColorSlider" */;
			compatibilityVersion = "Xcode 9.3";
			developmentRegion = en;
			hasScannedForEncodings = 0;
			knownRegions = (
				en,
				Base,
			);
			mainGroup = A87606402343F18000170611;
			productRefGroup = A876064A2343F18000170611 /* Products */;
			projectDirPath = "";
			projectRoot = "";
			targets = (
				A87606482343F18000170611 /* ColorSlider */,
				A876065E2343F18200170611 /* ColorSliderTests */,
				A87606692343F18200170611 /* ColorSliderUITests */,
			);
		};
/* End PBXProject section */

/* Begin PBXResourcesBuildPhase section */
		A87606472343F18000170611 /* Resources */ = {
			isa = PBXResourcesBuildPhase;
			buildActionMask = 2147483647;
			files = (
				A87606592343F18200170611 /* LaunchScreen.storyboard in Resources */,
				A87606562343F18200170611 /* Assets.xcassets in Resources */,
				A87606542343F18000170611 /* Main.storyboard in Resources */,
			);
			runOnlyForDeploymentPostprocessing = 0;
		};
		A876065D2343F18200170611 /* Resources */ = {
			isa = PBXResourcesBuildPhase;
			buildActionMask = 2147483647;
			files = (
			);
			runOnlyForDeploymentPostprocessing = 0;
		};
		A87606682343F18200170611 /* Resources */ = {
			isa = PBXResourcesBuildPhase;
			buildActionMask = 2147483647;
			files = (
			);
			runOnlyForDeploymentPostprocessing = 0;
		};
/* End PBXResourcesBuildPhase section */

/* Begin PBXSourcesBuildPhase section */
		A87606452343F18000170611 /* Sources */ = {
			isa = PBXSourcesBuildPhase;
			buildActionMask = 2147483647;
			files = (
				A87606512343F18000170611 /* ViewController.swift in Sources */,
				A876064D2343F18000170611 /* AppDelegate.swift in Sources */,
				A876064F2343F18000170611 /* SceneDelegate.swift in Sources */,
			);
			runOnlyForDeploymentPostprocessing = 0;
		};
		A876065B2343F18200170611 /* Sources */ = {
			isa = PBXSourcesBuildPhase;
			buildActionMask = 2147483647;
			files = (
				A87606642343F18200170611 /* ColorSliderTests.swift in Sources */,
			);
			runOnlyForDeploymentPostprocessing = 0;
		};
		A87606662343F18200170611 /* Sources */ = {
			isa = PBXSourcesBuildPhase;
			buildActionMask = 2147483647;
			files = (
				A876066F2343F18200170611 /* ColorSliderUITests.swift in Sources */,
			);
			runOnlyForDeploymentPostprocessing = 0;
		};
/* End PBXSourcesBuildPhase section */

/* Begin PBXTargetDependency section */
		A87606612343F18200170611 /* PBXTargetDependency */ = {
			isa = PBXTargetDependency;
			target = A87606482343F18000170611 /* ColorSlider */;
			targetProxy = A87606602343F18200170611 /* PBXContainerItemProxy */;
		};
		A876066C2343F18200170611 /* PBXTargetDependency */ = {
			isa = PBXTargetDependency;
			target = A87606482343F18000170611 /* ColorSlider */;
			targetProxy = A876066B2343F18200170611 /* PBXContainerItemProxy */;
		};
/* End PBXTargetDependency section */

/* Begin PBXVariantGroup section */
		A87606522343F18000170611 /* Main.storyboard */ = {
			isa = PBXVariantGroup;
			children = (
				A87606532343F18000170611 /* Base */,
			);
			name = Main.storyboard;
			sourceTree = "<group>";
		};
		A87606572343F18200170611 /* LaunchScreen.storyboard */ = {
			isa = PBXVariantGroup;
			children = (
				A87606582343F18200170611 /* Base */,
			);
			name = LaunchScreen.storyboard;
			sourceTree = "<group>";
		};
/* End PBXVariantGroup section */

/* Begin XCBuildConfiguration section */
		A87606712343F18200170611 /* Debug */ = {
			isa = XCBuildConfiguration;
			buildSettings = {
				ALWAYS_SEARCH_USER_PATHS = NO;
				CLANG_ANALYZER_NONNULL = YES;
				CLANG_ANALYZER_NUMBER_OBJECT_CONVERSION = YES_AGGRESSIVE;
				CLANG_CXX_LANGUAGE_STANDARD = "gnu++14";
				CLANG_CXX_LIBRARY = "libc++";
				CLANG_ENABLE_MODULES = YES;
				CLANG_ENABLE_OBJC_ARC = YES;
				CLANG_ENABLE_OBJC_WEAK = YES;
				CLANG_WARN_BLOCK_CAPTURE_AUTORELEASING = YES;
				CLANG_WARN_BOOL_CONVERSION = YES;
				CLANG_WARN_COMMA = YES;
				CLANG_WARN_CONSTANT_CONVERSION = YES;
				CLANG_WARN_DEPRECATED_OBJC_IMPLEMENTATIONS = YES;
				CLANG_WARN_DIRECT_OBJC_ISA_USAGE = YES_ERROR;
				CLANG_WARN_DOCUMENTATION_COMMENTS = YES;
				CLANG_WARN_EMPTY_BODY = YES;
				CLANG_WARN_ENUM_CONVERSION = YES;
				CLANG_WARN_INFINITE_RECURSION = YES;
				CLANG_WARN_INT_CONVERSION = YES;
				CLANG_WARN_NON_LITERAL_NULL_CONVERSION = YES;
				CLANG_WARN_OBJC_IMPLICIT_RETAIN_SELF = YES;
				CLANG_WARN_OBJC_LITERAL_CONVERSION = YES;
				CLANG_WARN_OBJC_ROOT_CLASS = YES_ERROR;
				CLANG_WARN_RANGE_LOOP_ANALYSIS = YES;
				CLANG_WARN_STRICT_PROTOTYPES = YES;
				CLANG_WARN_SUSPICIOUS_MOVE = YES;
				CLANG_WARN_UNGUARDED_AVAILABILITY = YES_AGGRESSIVE;
				CLANG_WARN_UNREACHABLE_CODE = YES;
				CLANG_WARN__DUPLICATE_METHOD_MATCH = YES;
				COPY_PHASE_STRIP = NO;
				DEBUG_INFORMATION_FORMAT = dwarf;
				ENABLE_STRICT_OBJC_MSGSEND = YES;
				ENABLE_TESTABILITY = YES;
				GCC_C_LANGUAGE_STANDARD = gnu11;
				GCC_DYNAMIC_NO_PIC = NO;
				GCC_NO_COMMON_BLOCKS = YES;
				GCC_OPTIMIZATION_LEVEL = 0;
				GCC_PREPROCESSOR_DEFINITIONS = (
					"DEBUG=1",
					"$(inherited)",
				);
				GCC_WARN_64_TO_32_BIT_CONVERSION = YES;
				GCC_WARN_ABOUT_RETURN_TYPE = YES_ERROR;
				GCC_WARN_UNDECLARED_SELECTOR = YES;
				GCC_WARN_UNINITIALIZED_AUTOS = YES_AGGRESSIVE;
				GCC_WARN_UNUSED_FUNCTION = YES;
				GCC_WARN_UNUSED_VARIABLE = YES;
				IPHONEOS_DEPLOYMENT_TARGET = 13.0;
				MTL_ENABLE_DEBUG_INFO = INCLUDE_SOURCE;
				MTL_FAST_MATH = YES;
				ONLY_ACTIVE_ARCH = YES;
				SDKROOT = iphoneos;
				SWIFT_ACTIVE_COMPILATION_CONDITIONS = DEBUG;
				SWIFT_OPTIMIZATION_LEVEL = "-Onone";
			};
			name = Debug;
		};
		A87606722343F18200170611 /* Release */ = {
			isa = XCBuildConfiguration;
			buildSettings = {
				ALWAYS_SEARCH_USER_PATHS = NO;
				CLANG_ANALYZER_NONNULL = YES;
				CLANG_ANALYZER_NUMBER_OBJECT_CONVERSION = YES_AGGRESSIVE;
				CLANG_CXX_LANGUAGE_STANDARD = "gnu++14";
				CLANG_CXX_LIBRARY = "libc++";
				CLANG_ENABLE_MODULES = YES;
				CLANG_ENABLE_OBJC_ARC = YES;
				CLANG_ENABLE_OBJC_WEAK = YES;
				CLANG_WARN_BLOCK_CAPTURE_AUTORELEASING = YES;
				CLANG_WARN_BOOL_CONVERSION = YES;
				CLANG_WARN_COMMA = YES;
				CLANG_WARN_CONSTANT_CONVERSION = YES;
				CLANG_WARN_DEPRECATED_OBJC_IMPLEMENTATIONS = YES;
				CLANG_WARN_DIRECT_OBJC_ISA_USAGE = YES_ERROR;
				CLANG_WARN_DOCUMENTATION_COMMENTS = YES;
				CLANG_WARN_EMPTY_BODY = YES;
				CLANG_WARN_ENUM_CONVERSION = YES;
				CLANG_WARN_INFINITE_RECURSION = YES;
				CLANG_WARN_INT_CONVERSION = YES;
				CLANG_WARN_NON_LITERAL_NULL_CONVERSION = YES;
				CLANG_WARN_OBJC_IMPLICIT_RETAIN_SELF = YES;
				CLANG_WARN_OBJC_LITERAL_CONVERSION = YES;
				CLANG_WARN_OBJC_ROOT_CLASS = YES_ERROR;
				CLANG_WARN_RANGE_LOOP_ANALYSIS = YES;
				CLANG_WARN_STRICT_PROTOTYPES = YES;
				CLANG_WARN_SUSPICIOUS_MOVE = YES;
				CLANG_WARN_UNGUARDED_AVAILABILITY = YES_AGGRESSIVE;
				CLANG_WARN_UNREACHABLE_CODE = YES;
				CLANG_WARN__DUPLICATE_METHOD_MATCH = YES;
				COPY_PHASE_STRIP = NO;
				DEBUG_INFORMATION_FORMAT = "dwarf-with-dsym";
				ENABLE_NS_ASSERTIONS = NO;
				ENABLE_STRICT_OBJC_MSGSEND = YES;
				GCC_C_LANGUAGE_STANDARD = gnu11;
				GCC_NO_COMMON_BLOCKS = YES;
				GCC_WARN_64_TO_32_BIT_CONVERSION = YES;
				GCC_WARN_ABOUT_RETURN_TYPE = YES_ERROR;
				GCC_WARN_UNDECLARED_SELECTOR = YES;
				GCC_WARN_UNINITIALIZED_AUTOS = YES_AGGRESSIVE;
				GCC_WARN_UNUSED_FUNCTION = YES;
				GCC_WARN_UNUSED_VARIABLE = YES;
				IPHONEOS_DEPLOYMENT_TARGET = 13.0;
				MTL_ENABLE_DEBUG_INFO = NO;
				MTL_FAST_MATH = YES;
				SDKROOT = iphoneos;
				SWIFT_COMPILATION_MODE = wholemodule;
				SWIFT_OPTIMIZATION_LEVEL = "-O";
				VALIDATE_PRODUCT = YES;
			};
			name = Release;
		};
		A87606742343F18200170611 /* Debug */ = {
			isa = XCBuildConfiguration;
			buildSettings = {
				ASSETCATALOG_COMPILER_APPICON_NAME = AppIcon;
				CODE_SIGN_STYLE = Automatic;
				INFOPLIST_FILE = ColorSlider/Info.plist;
				LD_RUNPATH_SEARCH_PATHS = (
					"$(inherited)",
					"@executable_path/Frameworks",
				);
				PRODUCT_BUNDLE_IDENTIFIER = com.udacity.ColorSlider;
				PRODUCT_NAME = "$(TARGET_NAME)";
				SWIFT_VERSION = 5.0;
				TARGETED_DEVICE_FAMILY = "1,2";
			};
			name = Debug;
		};
		A87606752343F18200170611 /* Release */ = {
			isa = XCBuildConfiguration;
			buildSettings = {
				ASSETCATALOG_COMPILER_APPICON_NAME = AppIcon;
				CODE_SIGN_STYLE = Automatic;
				INFOPLIST_FILE = ColorSlider/Info.plist;
				LD_RUNPATH_SEARCH_PATHS = (
					"$(inherited)",
					"@executable_path/Frameworks",
				);
				PRODUCT_BUNDLE_IDENTIFIER = com.udacity.ColorSlider;
				PRODUCT_NAME = "$(TARGET_NAME)";
				SWIFT_VERSION = 5.0;
				TARGETED_DEVICE_FAMILY = "1,2";
			};
			name = Release;
		};
		A87606772343F18200170611 /* Debug */ = {
			isa = XCBuildConfiguration;
			buildSettings = {
				ALWAYS_EMBED_SWIFT_STANDARD_LIBRARIES = YES;
				BUNDLE_LOADER = "$(TEST_HOST)";
				CODE_SIGN_STYLE = Automatic;
				INFOPLIST_FILE = ColorSliderTests/Info.plist;
				IPHONEOS_DEPLOYMENT_TARGET = 13.0;
				LD_RUNPATH_SEARCH_PATHS = (
					"$(inherited)",
					"@executable_path/Frameworks",
					"@loader_path/Frameworks",
				);
				PRODUCT_BUNDLE_IDENTIFIER = com.udacity.ColorSliderTests;
				PRODUCT_NAME = "$(TARGET_NAME)";
				SWIFT_VERSION = 5.0;
				TARGETED_DEVICE_FAMILY = "1,2";
				TEST_HOST = "$(BUILT_PRODUCTS_DIR)/ColorSlider.app/ColorSlider";
			};
			name = Debug;
		};
		A87606782343F18200170611 /* Release */ = {
			isa = XCBuildConfiguration;
			buildSettings = {
				ALWAYS_EMBED_SWIFT_STANDARD_LIBRARIES = YES;
				BUNDLE_LOADER = "$(TEST_HOST)";
				CODE_SIGN_STYLE = Automatic;
				INFOPLIST_FILE = ColorSliderTests/Info.plist;
				IPHONEOS_DEPLOYMENT_TARGET = 13.0;
				LD_RUNPATH_SEARCH_PATHS = (
					"$(inherited)",
					"@executable_path/Frameworks",
					"@loader_path/Frameworks",
				);
				PRODUCT_BUNDLE_IDENTIFIER = com.udacity.ColorSliderTests;
				PRODUCT_NAME = "$(TARGET_NAME)";
				SWIFT_VERSION = 5.0;
				TARGETED_DEVICE_FAMILY = "1,2";
				TEST_HOST = "$(BUILT_PRODUCTS_DIR)/ColorSlider.app/ColorSlider";
			};
			name = Release;
		};
		A876067A2343F18200170611 /* Debug */ = {
			isa = XCBuildConfiguration;
			buildSettings = {
				ALWAYS_EMBED_SWIFT_STANDARD_LIBRARIES = YES;
				CODE_SIGN_STYLE = Automatic;
				INFOPLIST_FILE = ColorSliderUITests/Info.plist;
				LD_RUNPATH_SEARCH_PATHS = (
					"$(inherited)",
					"@executable_path/Frameworks",
					"@loader_path/Frameworks",
				);
				PRODUCT_BUNDLE_IDENTIFIER = com.udacity.ColorSliderUITests;
				PRODUCT_NAME = "$(TARGET_NAME)";
				SWIFT_VERSION = 5.0;
				TARGETED_DEVICE_FAMILY = "1,2";
				TEST_TARGET_NAME = ColorSlider;
			};
			name = Debug;
		};
		A876067B2343F18200170611 /* Release */ = {
			isa = XCBuildConfiguration;
			buildSettings = {
				ALWAYS_EMBED_SWIFT_STANDARD_LIBRARIES = YES;
				CODE_SIGN_STYLE = Automatic;
				INFOPLIST_FILE = ColorSliderUITests/Info.plist;
				LD_RUNPATH_SEARCH_PATHS = (
					"$(inherited)",
					"@executable_path/Frameworks",
					"@loader_path/Frameworks",
				);
				PRODUCT_BUNDLE_IDENTIFIER = com.udacity.ColorSliderUITests;
				PRODUCT_NAME = "$(TARGET_NAME)";
				SWIFT_VERSION = 5.0;
				TARGETED_DEVICE_FAMILY = "1,2";
				TEST_TARGET_NAME = ColorSlider;
			};
			name = Release;
		};
/* End XCBuildConfiguration section */

/* Begin XCConfigurationList section */
		A87606442343F18000170611 /* Build configuration list for PBXProject "ColorSlider" */ = {
			isa = XCConfigurationList;
			buildConfigurations = (
				A87606712343F18200170611 /* Debug */,
				A87606722343F18200170611 /* Release */,
			);
			defaultConfigurationIsVisible = 0;
			defaultConfigurationName = Release;
		};
		A87606732343F18200170611 /* Build configuration list for PBXNativeTarget "ColorSlider" */ = {
			isa = XCConfigurationList;
			buildConfigurations = (
				A87606742343F18200170611 /* Debug */,
				A87606752343F18200170611 /* Release */,
			);
			defaultConfigurationIsVisible = 0;
			defaultConfigurationName = Release;
		};
		A87606762343F18200170611 /* Build configuration list for PBXNativeTarget "ColorSliderTests" */ = {
			isa = XCConfigurationList;
			buildConfigurations = (
				A87606772343F18200170611 /* Debug */,
				A87606782343F18200170611 /* Release */,
			);
			defaultConfigurationIsVisible = 0;
			defaultConfigurationName = Release;
		};
		A87606792343F18200170611 /* Build configuration list for PBXNativeTarget "ColorSliderUITests" */ = {
			isa = XCConfigurationList;
			buildConfigurations = (
				A876067A2343F18200170611 /* Debug */,
				A876067B2343F18200170611 /* Release */,
			);
			defaultConfigurationIsVisible = 0;
			defaultConfigurationName = Release;
		};
/* End XCConfigurationList section */
	};
	rootObject = A87606412343F18000170611 /* Project object */;
}
